
Microsoft Visual Studio Solution File, Format Version 12.00
# Visual Studio Version 17
VisualStudioVersion = 17.9.34622.214
MinimumVisualStudioVersion = 10.0.40219.1
Project("{9A19103F-16F7-4668-BE54-9A1E7A4F7556}") = "My Final-Project", "My Final-Project.csproj", "{20B324B3-DE4F-4CA9-BC5A-07C012008CD9}"
EndProject
Global
	GlobalSection(SolutionConfigurationPlatforms) = preSolution
		Debug|Any CPU = Debug|Any CPU
		Release|Any CPU = Release|Any CPU
	EndGlobalSection
	GlobalSection(ProjectConfigurationPlatforms) = postSolution
		{20B324B3-DE4F-4CA9-BC5A-07C012008CD9}.Debug|Any CPU.ActiveCfg = Debug|Any CPU
		{20B324B3-DE4F-4CA9-BC5A-07C012008CD9}.Debug|Any CPU.Build.0 = Debug|Any CPU
		{20B324B3-DE4F-4CA9-BC5A-07C012008CD9}.Release|Any CPU.ActiveCfg = Release|Any CPU
		{20B324B3-DE4F-4CA9-BC5A-07C012008CD9}.Release|Any CPU.Build.0 = Release|Any CPU
	EndGlobalSection
	GlobalSection(SolutionProperties) = preSolution
		HideSolutionNode = FALSE
	EndGlobalSection
	GlobalSection(ExtensibilityGlobals) = postSolution
		SolutionGuid = {F5EE63B3-1914-4300-9CC9-D2CE7BA8B714}
	EndGlobalSection
EndGlobal
